{
  "name": "encrypted-scholarship",
  "lockfileVersion": 3,
  "requires": true,
  "packages": {
    "": {
      "dependencies": {
        "circomlib": "^2.0.5",
        "circomlib-ml": "^2.3.0"
      }
    },
    "node_modules/circomlib": {
      "version": "2.0.5",
      "resolved": "https://registry.npmjs.org/circomlib/-/circomlib-2.0.5.tgz",
      "integrity": "sha512-O7NQ8OS+J4eshBuoy36z/TwQU0YHw8W3zxZcs4hVwpEll3e4hDm3mgkIPqItN8FDeLEKZFK3YeT/+k8TiLF3/A==",
      "license": "GPL-3.0"
    },
    "node_modules/circomlib-ml": {
      "version": "2.3.0",
      "resolved": "https://registry.npmjs.org/circomlib-ml/-/circomlib-ml-2.3.0.tgz",
      "integrity": "sha512-/lK0ZVoQIELt1q2YOebyVQRNS+jEoNaatbBu6RIT1w4v1k128dctu0E6HEqgy9TR4k4W1wYRU6ER6wUNHFKeSw==",
      "license": "GPL-3.0"
    }
  }
}
